# THIS IS AN AUTOGENERATED FILE. DO NOT EDIT THIS FILE DIRECTLY.
# yarn lockfile v1


"@capacitor/core@^8.1.0":
  version "8.4.0"
  resolved "https://registry.npmjs.org/@capacitor/core/-/core-8.4.0.tgz"
  integrity sha512-LrS1xPIrqLtJABBIPDGXxxKmI9OyesrzWw8DiHbxhSC9JoiLUleUAJlX1a0LWIVLRbuY4Szgf9huFeRqYH2SAQ==
  dependencies:
    tslib "^2.1.0"

"@rollup/rollup-darwin-arm64@4.62.0":
  version "4.62.0"
  resolved "https://registry.npmjs.org/@rollup/rollup-darwin-arm64/-/rollup-darwin-arm64-4.62.0.tgz"
  integrity sha512-BqCoMoIbn0keKys+dEAdBa70EtOwV1bEsQCUgU9FdiZmmMge/Zk7LlkYGqbrdHR+Frnt0E1FOanly+rlwvvQzw==

"@types/estree@1.0.9":
  version "1.0.9"
  resolved "https://registry.npmjs.org/@types/estree/-/estree-1.0.9.tgz"
  integrity sha512-GhdPgy1el4/ImP05X05Uw4cw2/M93BCUmnEvWZNStlCzEKME4Fkk+YpoA5OiHNQmoS7Cafb8Xa3Pya8m1Qrzeg==

balanced-match@^4.0.2:
  version "4.0.4"
  resolved "https://registry.npmjs.org/balanced-match/-/balanced-match-4.0.4.tgz"
  integrity sha512-BLrgEcRTwX2o6gGxGOCNyMvGSp35YofuYzw9h1IMTRmKqttAZZVU67bdb9Pr2vUHA8+j3i2tJfjO6C6+4myGTA==

brace-expansion@^5.0.5:
  version "5.0.6"
  resolved "https://registry.npmjs.org/brace-expansion/-/brace-expansion-5.0.6.tgz"
  integrity sha512-kLpxurY4Z4r9sgMsyG0Z9uzsBlgiU/EFKhj/h91/8yHu0edo7XuixOIH3VcJ8kkxs6/jPzoI6U9Vj3WqbMQ94g==
  dependencies:
    balanced-match "^4.0.2"

"capacitor-pay-adyen@file:../capacitor-pay-adyen":
  version "0.0.1"
  resolved "file:../capacitor-pay-adyen"

"capacitor-pay-stripe@file:../capacitor-pay-stripe":
  version "0.0.1"
  resolved "file:../capacitor-pay-stripe"

"capacitor-pay-sumup@file:../capacitor-pay-sumup":
  version "0.0.1"
  resolved "file:../capacitor-pay-sumup"

currency-codes-ts@^3.0.0:
  version "3.0.0"
  resolved "https://registry.npmjs.org/currency-codes-ts/-/currency-codes-ts-3.0.0.tgz"
  integrity sha512-ZJeCpq5uY2t8dDl4xdF15shkp5o8jrHcD4lHftK/O8j8xTHlXg0E5YhpZbRJvnLRaKe+JQh1/q1AI9Wc2Dl3Nw==
  dependencies:
    lodash-es "^4.17.21"

fsevents@~2.3.2:
  version "2.3.3"
  resolved "https://registry.npmjs.org/fsevents/-/fsevents-2.3.3.tgz"
  integrity sha512-5xoDfX+fL7faATnagmWPpbFtwh/R77WmMMqqHGS65C3vvB0YHrgF+B1YmZ3441tMj5n63k0212XNoJwzlhffQw==

glob@^13.0.3:
  version "13.0.6"
  resolved "https://registry.npmjs.org/glob/-/glob-13.0.6.tgz"
  integrity sha512-Wjlyrolmm8uDpm/ogGyXZXb1Z+Ca2B8NbJwqBVg0axK9GbBeoS7yGV6vjXnYdGm6X53iehEuxxbyiKp8QmN4Vw==
  dependencies:
    minimatch "^10.2.2"
    minipass "^7.1.3"
    path-scurry "^2.0.2"

lodash-es@^4.17.21:
  version "4.18.1"
  resolved "https://registry.npmjs.org/lodash-es/-/lodash-es-4.18.1.tgz"
  integrity sha512-J8xewKD/Gk22OZbhpOVSwcs60zhd95ESDwezOFuA3/099925PdHJ7OFHNTGtajL3AlZkykD32HykiMo+BIBI8A==

lru-cache@^11.0.0:
  version "11.5.1"
  resolved "https://registry.npmjs.org/lru-cache/-/lru-cache-11.5.1.tgz"
  integrity sha512-RPimw/7aMdv2oqRrxKwvZXcPfwBrn/JZ2xYcY9Hus/6LaS3VOAKVWKWgNLCFSiOm1ESXinjsDlidVU7JlnCN2A==

minimatch@^10.2.2:
  version "10.2.5"
  resolved "https://registry.npmjs.org/minimatch/-/minimatch-10.2.5.tgz"
  integrity sha512-MULkVLfKGYDFYejP07QOurDLLQpcjk7Fw+7jXS2R2czRQzR56yHRveU5NDJEOviH+hETZKSkIk5c+T23GjFUMg==
  dependencies:
    brace-expansion "^5.0.5"

minipass@^7.1.2, minipass@^7.1.3:
  version "7.1.3"
  resolved "https://registry.npmjs.org/minipass/-/minipass-7.1.3.tgz"
  integrity sha512-tEBHqDnIoM/1rXME1zgka9g6Q2lcoCkxHLuc7ODJ5BxbP5d4c2Z5cGgtXAku59200Cx7diuHTOYfSBD8n6mm8A==

package-json-from-dist@^1.0.1:
  version "1.0.1"
  resolved "https://registry.npmjs.org/package-json-from-dist/-/package-json-from-dist-1.0.1.tgz"
  integrity sha512-UEZIS3/by4OC8vL3P2dTXRETpebLI2NiI5vIrjaD/5UtrkFX/tNbwjTSRAGC/+7CAo2pIcBaRgWmcBBHcsaCIw==

path-scurry@^2.0.2:
  version "2.0.2"
  resolved "https://registry.npmjs.org/path-scurry/-/path-scurry-2.0.2.tgz"
  integrity sha512-3O/iVVsJAPsOnpwWIeD+d6z/7PmqApyQePUtCndjatj/9I5LylHvt5qluFaBT3I5h3r1ejfR056c+FCv+NnNXg==
  dependencies:
    lru-cache "^11.0.0"
    minipass "^7.1.2"

rimraf@^6.0.1:
  version "6.1.3"
  resolved "https://registry.npmjs.org/rimraf/-/rimraf-6.1.3.tgz"
  integrity sha512-LKg+Cr2ZF61fkcaK1UdkH2yEBBKnYjTyWzTJT6KNPcSPaiT7HSdhtMXQuN5wkTX0Xu72KQ1l8S42rlmexS2hSA==
  dependencies:
    glob "^13.0.3"
    package-json-from-dist "^1.0.1"

rollup@^4.30.1:
  version "4.62.0"
  resolved "https://registry.npmjs.org/rollup/-/rollup-4.62.0.tgz"
  integrity sha512-nc72Wgq62I7rtDV4izT5/aaS0zxy3kttkinf9586ApknY3jZO9NYsmtc24fUckA0X7Q2v+ML4a15pdUlV5V/jA==
  dependencies:
    "@types/estree" "1.0.9"
  optionalDependencies:
    "@rollup/rollup-android-arm-eabi" "4.62.0"
    "@rollup/rollup-android-arm64" "4.62.0"
    "@rollup/rollup-darwin-arm64" "4.62.0"
    "@rollup/rollup-darwin-x64" "4.62.0"
    "@rollup/rollup-freebsd-arm64" "4.62.0"
    "@rollup/rollup-freebsd-x64" "4.62.0"
    "@rollup/rollup-linux-arm-gnueabihf" "4.62.0"
    "@rollup/rollup-linux-arm-musleabihf" "4.62.0"
    "@rollup/rollup-linux-arm64-gnu" "4.62.0"
    "@rollup/rollup-linux-arm64-musl" "4.62.0"
    "@rollup/rollup-linux-loong64-gnu" "4.62.0"
    "@rollup/rollup-linux-loong64-musl" "4.62.0"
    "@rollup/rollup-linux-ppc64-gnu" "4.62.0"
    "@rollup/rollup-linux-ppc64-musl" "4.62.0"
    "@rollup/rollup-linux-riscv64-gnu" "4.62.0"
    "@rollup/rollup-linux-riscv64-musl" "4.62.0"
    "@rollup/rollup-linux-s390x-gnu" "4.62.0"
    "@rollup/rollup-linux-x64-gnu" "4.62.0"
    "@rollup/rollup-linux-x64-musl" "4.62.0"
    "@rollup/rollup-openbsd-x64" "4.62.0"
    "@rollup/rollup-openharmony-arm64" "4.62.0"
    "@rollup/rollup-win32-arm64-msvc" "4.62.0"
    "@rollup/rollup-win32-ia32-msvc" "4.62.0"
    "@rollup/rollup-win32-x64-gnu" "4.62.0"
    "@rollup/rollup-win32-x64-msvc" "4.62.0"
    fsevents "~2.3.2"

tslib@^2.1.0:
  version "2.8.1"
  resolved "https://registry.npmjs.org/tslib/-/tslib-2.8.1.tgz"
  integrity sha512-oJFu94HQb+KVduSUQL7wnpmqnfmLsOA/nAh6b6EH0wCEoK0/mPeXU6c3wKDV83MkOuHPRHtSXKKU99IBazS/2w==

typescript@~5.6.3:
  version "5.6.3"
  resolved "https://registry.npmjs.org/typescript/-/typescript-5.6.3.tgz"
  integrity sha512-hjcS1mhfuyi4WW8IWtjP7brDrG2cuDZukyrYrSauoXGNgx0S7zceP07adYkJycEr56BOUTNPzbInooiN3fn1qw==
